#MicroXplorer Configuration settings - do not modify
CAN1.BS1=CAN_BS1_5TQ
CAN1.BS2=CAN_BS2_2TQ
CAN1.CalculateBaudRate=500000
CAN1.CalculateTimeBit=2000.00
CAN1.CalculateTimeQuantum=250.0
CAN1.IPParameters=CalculateTimeQuantum,CalculateTimeBit,CalculateBaudRate,Prescaler,BS1,SJW,BS2,NART
CAN1.NART=ENABLE
CAN1.Prescaler=4
CAN1.SJW=CAN_SJW_1TQ
CRC.IPParameters=InputDataFormat,InputDataInversionMode,OutputDataInversionMode
CRC.InputDataFormat=CRC_INPUTDATA_FORMAT_WORDS
CRC.InputDataInversionMode=CRC_INPUTDATA_INVERSION_NONE
CRC.OutputDataInversionMode=CRC_OUTPUTDATA_INVERSION_DISABLE
File.Version=6
GPIO.groupedBy=Group By Peripherals
KeepUserPlacement=false
Mcu.Family=STM32L4
Mcu.IP0=CAN1
Mcu.IP1=CRC
Mcu.IP2=NVIC
Mcu.IP3=RCC
Mcu.IP4=SYS
Mcu.IP5=TIM15
Mcu.IP6=USART1
Mcu.IPNb=7
Mcu.Name=STM32L431R(B-C)Tx
Mcu.Package=LQFP64
Mcu.Pin0=PB0
Mcu.Pin1=PB1
Mcu.Pin2=PA9
Mcu.Pin3=PA10
Mcu.Pin4=PB8
Mcu.Pin5=PB9
Mcu.Pin6=VP_CRC_VS_CRC
Mcu.Pin7=VP_SYS_VS_tim16
Mcu.Pin8=VP_TIM15_VS_ClockSourceINT
Mcu.Pin9=VP_TIM15_VS_no_output1
Mcu.PinsNb=10
Mcu.ThirdPartyNb=0
Mcu.UserConstants=
Mcu.UserName=STM32L431RBTx
MxCube.Version=6.3.0
MxDb.Version=DB.6.0.30
NVIC.BusFault_IRQn=true\:0\:0\:false\:false\:true\:false\:false
NVIC.CAN1_RX0_IRQn=true\:5\:0\:true\:false\:true\:true\:true
NVIC.CAN1_RX1_IRQn=true\:5\:0\:true\:false\:true\:true\:true
NVIC.CAN1_TX_IRQn=true\:5\:0\:true\:false\:true\:true\:true
NVIC.DebugMonitor_IRQn=true\:0\:0\:false\:false\:true\:false\:false
NVIC.ForceEnableDMAVector=true
NVIC.HardFault_IRQn=true\:0\:0\:false\:false\:true\:false\:false
NVIC.MemoryManagement_IRQn=true\:0\:0\:false\:false\:true\:false\:false
NVIC.NonMaskableInt_IRQn=true\:0\:0\:false\:false\:true\:false\:false
NVIC.PendSV_IRQn=true\:0\:0\:false\:false\:true\:false\:false
NVIC.PriorityGroup=NVIC_PRIORITYGROUP_4
NVIC.SVCall_IRQn=true\:0\:0\:false\:false\:true\:false\:false
NVIC.SysTick_IRQn=true\:15\:0\:false\:false\:true\:false\:true
NVIC.TIM1_UP_TIM16_IRQn=true\:0\:0\:false\:false\:true\:false\:true
NVIC.TimeBase=TIM1_UP_TIM16_IRQn
NVIC.TimeBaseIP=TIM16
NVIC.USART1_IRQn=true\:0\:0\:false\:false\:true\:true\:true
NVIC.UsageFault_IRQn=true\:0\:0\:false\:false\:true\:false\:false
PA10.Mode=Asynchronous
PA10.Signal=USART1_RX
PA9.Mode=Asynchronous
PA9.Signal=USART1_TX
PB0.GPIOParameters=PinState,GPIO_Label
PB0.GPIO_Label=LED_GRN
PB0.Locked=true
PB0.PinState=GPIO_PIN_SET
PB0.Signal=GPIO_Output
PB1.GPIOParameters=PinState,GPIO_Label
PB1.GPIO_Label=LED_RED
PB1.Locked=true
PB1.PinState=GPIO_PIN_SET
PB1.Signal=GPIO_Output
PB8.Locked=true
PB8.Mode=CAN_Activate
PB8.Signal=CAN1_RX
PB9.Locked=true
PB9.Mode=CAN_Activate
PB9.Signal=CAN1_TX
PCC.Checker=true
PCC.Line=STM32L4x1
PCC.MCU=STM32L431R(B-C)Tx
PCC.PartNumber=STM32L431RBTx
PCC.Seq0=2
PCC.Seq0.Step0.Average_Current=3.46 mA
PCC.Seq0.Step0.CPU_Frequency=32 MHz
PCC.Seq0.Step0.Category=In DS Table
PCC.Seq0.Step0.DMIPS=40.0
PCC.Seq0.Step0.Duration=0.1 ms
PCC.Seq0.Step0.Frequency=32 MHz
PCC.Seq0.Step0.Memory=FLASH
PCC.Seq0.Step0.Mode=RUN
PCC.Seq0.Step0.Oscillator=HSE BYP ART
PCC.Seq0.Step0.Peripherals=
PCC.Seq0.Step0.TaMax=104.53
PCC.Seq0.Step0.User's_Consumption=0 mA
PCC.Seq0.Step0.Vcore=Range1-High
PCC.Seq0.Step0.Vdd=3.0
PCC.Seq0.Step0.Voltage_Source=Battery
PCC.Seq0.Step1.Average_Current=1.06 \u00B5A
PCC.Seq0.Step1.CPU_Frequency=0 Hz
PCC.Seq0.Step1.Category=In DS Table
PCC.Seq0.Step1.DMIPS=0.0
PCC.Seq0.Step1.Duration=0.9 ms
PCC.Seq0.Step1.Frequency=0 Hz
PCC.Seq0.Step1.Memory=n/a
PCC.Seq0.Step1.Mode=STOP2
PCC.Seq0.Step1.Oscillator=ALL CLOCKS OFF
PCC.Seq0.Step1.Peripherals=
PCC.Seq0.Step1.TaMax=105
PCC.Seq0.Step1.User's_Consumption=0 mA
PCC.Seq0.Step1.Vcore=NoRange
PCC.Seq0.Step1.Vdd=3.0
PCC.Seq0.Step1.Voltage_Source=Battery
PCC.Series=STM32L4
PCC.Temperature=25
PCC.Vdd=3.0
PinOutPanel.RotationAngle=90
ProjectManager.AskForMigrate=true
ProjectManager.BackupPrevious=false
ProjectManager.CompilerOptimize=6
ProjectManager.ComputerToolchain=false
ProjectManager.CoupleFile=false
ProjectManager.CustomerFirmwarePackage=
ProjectManager.DefaultFWLocation=true
ProjectManager.DeletePrevious=true
ProjectManager.DeviceId=STM32L431RBTx
ProjectManager.FirmwarePackage=STM32Cube FW_L4 V1.17.0
ProjectManager.FreePins=false
ProjectManager.HalAssertFull=false
ProjectManager.HeapSize=0x200
ProjectManager.KeepUserCode=true
ProjectManager.LastFirmware=false
ProjectManager.LibraryCopy=0
ProjectManager.MainLocation=Core/Src
ProjectManager.NoMain=false
ProjectManager.PreviousToolchain=
ProjectManager.ProjectBuild=false
ProjectManager.ProjectFileName=ldrfixedL431.ioc
ProjectManager.ProjectName=ldrfixedL431
ProjectManager.RegisterCallBack=
ProjectManager.StackSize=0x400
ProjectManager.TargetToolchain=Makefile
ProjectManager.ToolChainLocation=
ProjectManager.UnderRoot=false
ProjectManager.functionlistsort=1-MX_GPIO_Init-GPIO-false-HAL-true,2-SystemClock_Config-RCC-false-HAL-false,3-MX_CAN1_Init-CAN1-false-HAL-true,4-MX_USART1_UART_Init-USART1-false-HAL-true,5-MX_TIM15_Init-TIM15-false-HAL-true,6-MX_CRC_Init-CRC-false-HAL-true
RCC.ADCFreq_Value=16000000
RCC.AHBFreq_Value=16000000
RCC.APB1Freq_Value=16000000
RCC.APB1TimFreq_Value=16000000
RCC.APB2Freq_Value=16000000
RCC.APB2TimFreq_Value=16000000
RCC.CortexFreq_Value=16000000
RCC.FCLKCortexFreq_Value=16000000
RCC.FamilyName=M
RCC.HCLKFreq_Value=16000000
RCC.HSE_VALUE=8000000
RCC.HSI48_VALUE=48000000
RCC.HSI_VALUE=16000000
RCC.I2C1CLockSelection=RCC_I2C1CLKSOURCE_SYSCLK
RCC.I2C1Freq_Value=16000000
RCC.I2C2Freq_Value=16000000
RCC.I2C3Freq_Value=16000000
RCC.IPParameters=ADCFreq_Value,AHBFreq_Value,APB1Freq_Value,APB1TimFreq_Value,APB2Freq_Value,APB2TimFreq_Value,CortexFreq_Value,FCLKCortexFreq_Value,FamilyName,HCLKFreq_Value,HSE_VALUE,HSI48_VALUE,HSI_VALUE,I2C1CLockSelection,I2C1Freq_Value,I2C2Freq_Value,I2C3Freq_Value,LPTIM1Freq_Value,LPTIM2Freq_Value,LPUART1Freq_Value,LSCOPinFreq_Value,LSE_VALUE,LSI_VALUE,MCO1PinFreq_Value,MSIClockRange,MSI_VALUE,PLLM,PLLN,PLLPoutputFreq_Value,PLLQoutputFreq_Value,PLLR,PLLRCLKFreq_Value,PLLSAI1PoutputFreq_Value,PLLSAI1QoutputFreq_Value,PLLSAI1R,PLLSAI1RoutputFreq_Value,PLLSourceVirtual,PWRFreq_Value,RNGFreq_Value,RTCFreq_Value,SAI1Freq_Value,SDMMCFreq_Value,SWPMI1Freq_Value,SYSCLKFreq_VALUE,SYSCLKSource,USART1CLockSelection,USART1Freq_Value,USART2Freq_Value,USART3Freq_Value,VCOInputFreq_Value,VCOOutputFreq_Value,VCOSAI1OutputFreq_Value
RCC.LPTIM1Freq_Value=16000000
RCC.LPTIM2Freq_Value=16000000
RCC.LPUART1Freq_Value=16000000
RCC.LSCOPinFreq_Value=32000
RCC.LSE_VALUE=32768
RCC.LSI_VALUE=32000
RCC.MCO1PinFreq_Value=16000000
RCC.MSIClockRange=RCC_MSIRANGE_7
RCC.MSI_VALUE=8000000
RCC.PLLM=2
RCC.PLLN=16
RCC.PLLPoutputFreq_Value=18285714.285714287
RCC.PLLQoutputFreq_Value=64000000
RCC.PLLR=RCC_PLLR_DIV8
RCC.PLLRCLKFreq_Value=16000000
RCC.PLLSAI1PoutputFreq_Value=9142857.142857144
RCC.PLLSAI1QoutputFreq_Value=32000000
RCC.PLLSAI1R=RCC_PLLR_DIV4
RCC.PLLSAI1RoutputFreq_Value=16000000
RCC.PLLSourceVirtual=RCC_PLLSOURCE_HSI
RCC.PWRFreq_Value=16000000
RCC.RNGFreq_Value=32000000
RCC.RTCFreq_Value=32000
RCC.SAI1Freq_Value=9142857.142857144
RCC.SDMMCFreq_Value=32000000
RCC.SWPMI1Freq_Value=16000000
RCC.SYSCLKFreq_VALUE=16000000
RCC.SYSCLKSource=RCC_SYSCLKSOURCE_PLLCLK
RCC.USART1CLockSelection=RCC_USART1CLKSOURCE_HSI
RCC.USART1Freq_Value=16000000
RCC.USART2Freq_Value=16000000
RCC.USART3Freq_Value=16000000
RCC.VCOInputFreq_Value=8000000
RCC.VCOOutputFreq_Value=128000000
RCC.VCOSAI1OutputFreq_Value=64000000
TIM15.Channel-Output\ Compare1\ No\ Output=TIM_CHANNEL_1
TIM15.IPParameters=Channel-Output Compare1 No Output,Prescaler
TIM15.Prescaler=16
USART1.IPParameters=VirtualMode-Asynchronous
USART1.VirtualMode-Asynchronous=VM_ASYNC
VP_CRC_VS_CRC.Mode=CRC_Activate
VP_CRC_VS_CRC.Signal=CRC_VS_CRC
VP_SYS_VS_tim16.Mode=TIM16
VP_SYS_VS_tim16.Signal=SYS_VS_tim16
VP_TIM15_VS_ClockSourceINT.Mode=Internal
VP_TIM15_VS_ClockSourceINT.Signal=TIM15_VS_ClockSourceINT
VP_TIM15_VS_no_output1.Mode=Output Compare1 No Output
VP_TIM15_VS_no_output1.Signal=TIM15_VS_no_output1
board=custom
